
Microsoft Visual Studio Solution File, Format Version 12.00
# Visual Studio Version 17
VisualStudioVersion = 17.9.34607.119
MinimumVisualStudioVersion = 10.0.40219.1
Project("{F184B08F-C81C-45F6-A57F-5ABD9991F28F}") = "AoE2DE_Scenario_Maker", "AoE2DE_Scenario_Maker.vbproj", "{D6E4D3C0-2BBA-4870-B2E8-6AB8D2E77AF5}"
EndProject
Project("{2150E333-8FDC-42A3-9474-1A3956D46DE8}") = "misc_files", "misc_files", "{5C309D16-7E53-4C9C-B9B0-EC6F80BB0D8C}"
	ProjectSection(SolutionItems) = preProject
		D:\_TERRAIN\scaled\new_images\beach.png = D:\_TERRAIN\scaled\new_images\beach.png
		D:\_TERRAIN\scaled\new_images\beach_ice.png = D:\_TERRAIN\scaled\new_images\beach_ice.png
		D:\_TERRAIN\scaled\new_images\beach_non_navigable.png = D:\_TERRAIN\scaled\new_images\beach_non_navigable.png
		D:\_TERRAIN\scaled\new_images\beach_non_navigable_wet_gravel.png = D:\_TERRAIN\scaled\new_images\beach_non_navigable_wet_gravel.png
		D:\_TERRAIN\scaled\new_images\beach_non_navigable_wet_rock.png = D:\_TERRAIN\scaled\new_images\beach_non_navigable_wet_rock.png
		D:\_TERRAIN\scaled\new_images\beach_non_navigable_wet_sand.png = D:\_TERRAIN\scaled\new_images\beach_non_navigable_wet_sand.png
		D:\_TERRAIN\scaled\new_images\beach_vegetation.png = D:\_TERRAIN\scaled\new_images\beach_vegetation.png
		D:\_TERRAIN\scaled\new_images\beach_wet.png = D:\_TERRAIN\scaled\new_images\beach_wet.png
		D:\_TERRAIN\scaled\new_images\beach_wet_gravel.png = D:\_TERRAIN\scaled\new_images\beach_wet_gravel.png
		D:\_TERRAIN\scaled\new_images\beach_wet_rock.png = D:\_TERRAIN\scaled\new_images\beach_wet_rock.png
		D:\_TERRAIN\scaled\new_images\beach_white.png = D:\_TERRAIN\scaled\new_images\beach_white.png
		D:\_TERRAIN\scaled\new_images\beach_white_vegetation.png = D:\_TERRAIN\scaled\new_images\beach_white_vegetation.png
		D:\_TERRAIN\scaled\new_images\black.png = D:\_TERRAIN\scaled\new_images\black.png
		D:\_TERRAIN\scaled\new_images\desert_cracked.png = D:\_TERRAIN\scaled\new_images\desert_cracked.png
		D:\_TERRAIN\scaled\new_images\desert_quicksand.png = D:\_TERRAIN\scaled\new_images\desert_quicksand.png
		D:\_TERRAIN\scaled\new_images\desert_sand.png = D:\_TERRAIN\scaled\new_images\desert_sand.png
		D:\_TERRAIN\scaled\new_images\dirt_1.png = D:\_TERRAIN\scaled\new_images\dirt_1.png
		D:\_TERRAIN\scaled\new_images\dirt_2.png = D:\_TERRAIN\scaled\new_images\dirt_2.png
		D:\_TERRAIN\scaled\new_images\dirt_3.png = D:\_TERRAIN\scaled\new_images\dirt_3.png
		D:\_TERRAIN\scaled\new_images\dirt_4.png = D:\_TERRAIN\scaled\new_images\dirt_4.png
		D:\_TERRAIN\scaled\new_images\dirt_mud.png = D:\_TERRAIN\scaled\new_images\dirt_mud.png
		D:\_TERRAIN\scaled\new_images\dirt_savannah.png = D:\_TERRAIN\scaled\new_images\dirt_savannah.png
		D:\_TERRAIN\scaled\new_images\farm.png = D:\_TERRAIN\scaled\new_images\farm.png
		D:\_TERRAIN\scaled\new_images\farm_0p.png = D:\_TERRAIN\scaled\new_images\farm_0p.png
		D:\_TERRAIN\scaled\new_images\farm_33p.png = D:\_TERRAIN\scaled\new_images\farm_33p.png
		D:\_TERRAIN\scaled\new_images\farm_67p.png = D:\_TERRAIN\scaled\new_images\farm_67p.png
		D:\_TERRAIN\scaled\new_images\farm_dead.png = D:\_TERRAIN\scaled\new_images\farm_dead.png
		D:\_TERRAIN\scaled\new_images\forest_acacia.png = D:\_TERRAIN\scaled\new_images\forest_acacia.png
		D:\_TERRAIN\scaled\new_images\forest_autumn.png = D:\_TERRAIN\scaled\new_images\forest_autumn.png
		D:\_TERRAIN\scaled\new_images\forest_autumn_snow.png = D:\_TERRAIN\scaled\new_images\forest_autumn_snow.png
		D:\_TERRAIN\scaled\new_images\forest_bamboo.png = D:\_TERRAIN\scaled\new_images\forest_bamboo.png
		D:\_TERRAIN\scaled\new_images\forest_baobab.png = D:\_TERRAIN\scaled\new_images\forest_baobab.png
		D:\_TERRAIN\scaled\new_images\forest_birch.png = D:\_TERRAIN\scaled\new_images\forest_birch.png
		D:\_TERRAIN\scaled\new_images\forest_bush.png = D:\_TERRAIN\scaled\new_images\forest_bush.png
		D:\_TERRAIN\scaled\new_images\forest_dead.png = D:\_TERRAIN\scaled\new_images\forest_dead.png
		D:\_TERRAIN\scaled\new_images\forest_dragon_tree.png = D:\_TERRAIN\scaled\new_images\forest_dragon_tree.png
		D:\_TERRAIN\scaled\new_images\forest_jungle.png = D:\_TERRAIN\scaled\new_images\forest_jungle.png
		D:\_TERRAIN\scaled\new_images\forest_mangrove.png = D:\_TERRAIN\scaled\new_images\forest_mangrove.png
		D:\_TERRAIN\scaled\new_images\forest_mediterrane.png = D:\_TERRAIN\scaled\new_images\forest_mediterrane.png
		D:\_TERRAIN\scaled\new_images\forest_oak.png = D:\_TERRAIN\scaled\new_images\forest_oak.png
		D:\_TERRAIN\scaled\new_images\forest_oak_bush.png = D:\_TERRAIN\scaled\new_images\forest_oak_bush.png
		D:\_TERRAIN\scaled\new_images\forest_palm_desert.png = D:\_TERRAIN\scaled\new_images\forest_palm_desert.png
		D:\_TERRAIN\scaled\new_images\forest_palm_grass.png = D:\_TERRAIN\scaled\new_images\forest_palm_grass.png
		D:\_TERRAIN\scaled\new_images\forest_pine.png = D:\_TERRAIN\scaled\new_images\forest_pine.png
		D:\_TERRAIN\scaled\new_images\forest_pine_snow.png = D:\_TERRAIN\scaled\new_images\forest_pine_snow.png
		D:\_TERRAIN\scaled\new_images\forest_rainforest.png = D:\_TERRAIN\scaled\new_images\forest_rainforest.png
		D:\_TERRAIN\scaled\new_images\forest_reeds.png = D:\_TERRAIN\scaled\new_images\forest_reeds.png
		D:\_TERRAIN\scaled\new_images\forest_reeds_beach.png = D:\_TERRAIN\scaled\new_images\forest_reeds_beach.png
		D:\_TERRAIN\scaled\new_images\forest_reeds_shallows.png = D:\_TERRAIN\scaled\new_images\forest_reeds_shallows.png
		D:\_TERRAIN\scaled\new_images\grass_1.png = D:\_TERRAIN\scaled\new_images\grass_1.png
		D:\_TERRAIN\scaled\new_images\grass_2.png = D:\_TERRAIN\scaled\new_images\grass_2.png
		D:\_TERRAIN\scaled\new_images\grass_3.png = D:\_TERRAIN\scaled\new_images\grass_3.png
		D:\_TERRAIN\scaled\new_images\grass_dry.png = D:\_TERRAIN\scaled\new_images\grass_dry.png
		D:\_TERRAIN\scaled\new_images\grass_foundation.png = D:\_TERRAIN\scaled\new_images\grass_foundation.png
		D:\_TERRAIN\scaled\new_images\grass_jungle.png = D:\_TERRAIN\scaled\new_images\grass_jungle.png
		D:\_TERRAIN\scaled\new_images\grass_jungle_rainforest.png = D:\_TERRAIN\scaled\new_images\grass_jungle_rainforest.png
		D:\_TERRAIN\scaled\new_images\grass_other.png = D:\_TERRAIN\scaled\new_images\grass_other.png
		D:\_TERRAIN\scaled\new_images\gravel_default.png = D:\_TERRAIN\scaled\new_images\gravel_default.png
		D:\_TERRAIN\scaled\new_images\gravel_desert.png = D:\_TERRAIN\scaled\new_images\gravel_desert.png
		D:\_TERRAIN\scaled\new_images\ice.png = D:\_TERRAIN\scaled\new_images\ice.png
		D:\_TERRAIN\scaled\new_images\ice_navigable.png = D:\_TERRAIN\scaled\new_images\ice_navigable.png
		D:\_TERRAIN\scaled\new_images\rice_farm.png = D:\_TERRAIN\scaled\new_images\rice_farm.png
		D:\_TERRAIN\scaled\new_images\rice_farm_0p.png = D:\_TERRAIN\scaled\new_images\rice_farm_0p.png
		D:\_TERRAIN\scaled\new_images\rice_farm_33p.png = D:\_TERRAIN\scaled\new_images\rice_farm_33p.png
		D:\_TERRAIN\scaled\new_images\rice_farm_66p.png = D:\_TERRAIN\scaled\new_images\rice_farm_66p.png
		D:\_TERRAIN\scaled\new_images\rice_farm_dead.png = D:\_TERRAIN\scaled\new_images\rice_farm_dead.png
		D:\_TERRAIN\scaled\new_images\road.png = D:\_TERRAIN\scaled\new_images\road.png
		D:\_TERRAIN\scaled\new_images\road_broken.png = D:\_TERRAIN\scaled\new_images\road_broken.png
		D:\_TERRAIN\scaled\new_images\road_fungus.png = D:\_TERRAIN\scaled\new_images\road_fungus.png
		D:\_TERRAIN\scaled\new_images\road_gravel.png = D:\_TERRAIN\scaled\new_images\road_gravel.png
		D:\_TERRAIN\scaled\new_images\rock_1.png = D:\_TERRAIN\scaled\new_images\rock_1.png
		D:\_TERRAIN\scaled\new_images\shallows.png = D:\_TERRAIN\scaled\new_images\shallows.png
		D:\_TERRAIN\scaled\new_images\shallows_azure.png = D:\_TERRAIN\scaled\new_images\shallows_azure.png
		D:\_TERRAIN\scaled\new_images\shallows_mangrove.png = D:\_TERRAIN\scaled\new_images\shallows_mangrove.png
		..\..\..\OneDrive\Desktop\AoE2DE_SM\sm_1.png = ..\..\..\OneDrive\Desktop\AoE2DE_SM\sm_1.png
		..\..\..\OneDrive\Desktop\AoE2DE_SM\sm_10.png = ..\..\..\OneDrive\Desktop\AoE2DE_SM\sm_10.png
		..\..\..\OneDrive\Desktop\AoE2DE_SM\sm_11.png = ..\..\..\OneDrive\Desktop\AoE2DE_SM\sm_11.png
		..\..\..\OneDrive\Desktop\AoE2DE_SM\sm_12.png = ..\..\..\OneDrive\Desktop\AoE2DE_SM\sm_12.png
		..\..\..\OneDrive\Desktop\AoE2DE_SM\sm_2.png = ..\..\..\OneDrive\Desktop\AoE2DE_SM\sm_2.png
		..\..\..\OneDrive\Desktop\AoE2DE_SM\sm_3.png = ..\..\..\OneDrive\Desktop\AoE2DE_SM\sm_3.png
		..\..\..\OneDrive\Desktop\AoE2DE_SM\sm_4.png = ..\..\..\OneDrive\Desktop\AoE2DE_SM\sm_4.png
		..\..\..\OneDrive\Desktop\AoE2DE_SM\sm_5.png = ..\..\..\OneDrive\Desktop\AoE2DE_SM\sm_5.png
		..\..\..\OneDrive\Desktop\AoE2DE_SM\sm_6.png = ..\..\..\OneDrive\Desktop\AoE2DE_SM\sm_6.png
		..\..\..\OneDrive\Desktop\AoE2DE_SM\sm_7.png = ..\..\..\OneDrive\Desktop\AoE2DE_SM\sm_7.png
		..\..\..\OneDrive\Desktop\AoE2DE_SM\sm_8.png = ..\..\..\OneDrive\Desktop\AoE2DE_SM\sm_8.png
		..\..\..\OneDrive\Desktop\AoE2DE_SM\sm_9.png = ..\..\..\OneDrive\Desktop\AoE2DE_SM\sm_9.png
		D:\_TERRAIN\scaled\new_images\snow.png = D:\_TERRAIN\scaled\new_images\snow.png
		D:\_TERRAIN\scaled\new_images\snow_foundation.png = D:\_TERRAIN\scaled\new_images\snow_foundation.png
		D:\_TERRAIN\scaled\new_images\snow_light.png = D:\_TERRAIN\scaled\new_images\snow_light.png
		D:\_TERRAIN\scaled\new_images\snow_strong.png = D:\_TERRAIN\scaled\new_images\snow_strong.png
		D:\_TERRAIN\scaled\new_images\swamp_bogland.png = D:\_TERRAIN\scaled\new_images\swamp_bogland.png
		D:\_TERRAIN\scaled\new_images\swamp_shallows.png = D:\_TERRAIN\scaled\new_images\swamp_shallows.png
		D:\_TERRAIN\scaled\new_images\underbrush.png = D:\_TERRAIN\scaled\new_images\underbrush.png
		D:\_TERRAIN\scaled\new_images\underbrush_jungle.png = D:\_TERRAIN\scaled\new_images\underbrush_jungle.png
		D:\_TERRAIN\scaled\new_images\underbrush_leaves.png = D:\_TERRAIN\scaled\new_images\underbrush_leaves.png
		D:\_TERRAIN\scaled\new_images\underbrush_snow.png = D:\_TERRAIN\scaled\new_images\underbrush_snow.png
		D:\_TERRAIN\scaled\new_images\water_2d_bridge.png = D:\_TERRAIN\scaled\new_images\water_2d_bridge.png
		D:\_TERRAIN\scaled\new_images\water_2d_shoreless.png = D:\_TERRAIN\scaled\new_images\water_2d_shoreless.png
		D:\_TERRAIN\scaled\new_images\water_azure.png = D:\_TERRAIN\scaled\new_images\water_azure.png
		D:\_TERRAIN\scaled\new_images\water_brown.png = D:\_TERRAIN\scaled\new_images\water_brown.png
		D:\_TERRAIN\scaled\new_images\water_deep.png = D:\_TERRAIN\scaled\new_images\water_deep.png
		D:\_TERRAIN\scaled\new_images\water_deep_ocean.png = D:\_TERRAIN\scaled\new_images\water_deep_ocean.png
		D:\_TERRAIN\scaled\new_images\water_green.png = D:\_TERRAIN\scaled\new_images\water_green.png
		D:\_TERRAIN\scaled\new_images\water_medium.png = D:\_TERRAIN\scaled\new_images\water_medium.png
		D:\_TERRAIN\scaled\new_images\water_shallow.png = D:\_TERRAIN\scaled\new_images\water_shallow.png
		D:\_TERRAIN\scaled\new_images\_invalid.png = D:\_TERRAIN\scaled\new_images\_invalid.png
	EndProjectSection
EndProject
Global
	GlobalSection(SolutionConfigurationPlatforms) = preSolution
		Debug|Any CPU = Debug|Any CPU
		Release|Any CPU = Release|Any CPU
	EndGlobalSection
	GlobalSection(ProjectConfigurationPlatforms) = postSolution
		{D6E4D3C0-2BBA-4870-B2E8-6AB8D2E77AF5}.Debug|Any CPU.ActiveCfg = Debug|Any CPU
		{D6E4D3C0-2BBA-4870-B2E8-6AB8D2E77AF5}.Debug|Any CPU.Build.0 = Debug|Any CPU
		{D6E4D3C0-2BBA-4870-B2E8-6AB8D2E77AF5}.Release|Any CPU.ActiveCfg = Release|Any CPU
		{D6E4D3C0-2BBA-4870-B2E8-6AB8D2E77AF5}.Release|Any CPU.Build.0 = Release|Any CPU
	EndGlobalSection
	GlobalSection(SolutionProperties) = preSolution
		HideSolutionNode = FALSE
	EndGlobalSection
	GlobalSection(ExtensibilityGlobals) = postSolution
		SolutionGuid = {4627965F-CF58-4DBC-8074-D371B481EA07}
	EndGlobalSection
EndGlobal
