
Microsoft Visual Studio Solution File, Format Version 12.00
# Visual Studio Version 17
VisualStudioVersion = 17.9.34607.119
MinimumVisualStudioVersion = 10.0.40219.1
Project("{F184B08F-C81C-45F6-A57F-5ABD9991F28F}") = "AoE2DE_Scenario_Maker", "AoE2DE_Scenario_Maker.vbproj", "{D6E4D3C0-2BBA-4870-B2E8-6AB8D2E77AF5}"
EndProject
Global
	GlobalSection(SolutionConfigurationPlatforms) = preSolution
		Debug|Any CPU = Debug|Any CPU
		Release|Any CPU = Release|Any CPU
	EndGlobalSection
	GlobalSection(ProjectConfigurationPlatforms) = postSolution
		{D6E4D3C0-2BBA-4870-B2E8-6AB8D2E77AF5}.Debug|Any CPU.ActiveCfg = Debug|Any CPU
		{D6E4D3C0-2BBA-4870-B2E8-6AB8D2E77AF5}.Debug|Any CPU.Build.0 = Debug|Any CPU
		{D6E4D3C0-2BBA-4870-B2E8-6AB8D2E77AF5}.Release|Any CPU.ActiveCfg = Release|Any CPU
		{D6E4D3C0-2BBA-4870-B2E8-6AB8D2E77AF5}.Release|Any CPU.Build.0 = Release|Any CPU
	EndGlobalSection
	GlobalSection(SolutionProperties) = preSolution
		HideSolutionNode = FALSE
	EndGlobalSection
	GlobalSection(ExtensibilityGlobals) = postSolution
		SolutionGuid = {4627965F-CF58-4DBC-8074-D371B481EA07}
	EndGlobalSection
EndGlobal
